
Microsoft Visual Studio Solution File, Format Version 12.00
# Visual Studio 2012
Project("{FAE04EC0-301F-11D3-BF4B-00C04F79EFBC}") = "odd number", "odd number\odd number.csproj", "{F60D718B-0631-49DB-A765-BD7EC27B65EF}"
EndProject
Global
	GlobalSection(SolutionConfigurationPlatforms) = preSolution
		Debug|Any CPU = Debug|Any CPU
		Release|Any CPU = Release|Any CPU
	EndGlobalSection
	GlobalSection(ProjectConfigurationPlatforms) = postSolution
		{F60D718B-0631-49DB-A765-BD7EC27B65EF}.Debug|Any CPU.ActiveCfg = Debug|Any CPU
		{F60D718B-0631-49DB-A765-BD7EC27B65EF}.Debug|Any CPU.Build.0 = Debug|Any CPU
		{F60D718B-0631-49DB-A765-BD7EC27B65EF}.Release|Any CPU.ActiveCfg = Release|Any CPU
		{F60D718B-0631-49DB-A765-BD7EC27B65EF}.Release|Any CPU.Build.0 = Release|Any CPU
	EndGlobalSection
	GlobalSection(SolutionProperties) = preSolution
		HideSolutionNode = FALSE
	EndGlobalSection
EndGlobal
