
Microsoft Visual Studio Solution File, Format Version 12.00
# Visual Studio 2012
Project("{FAE04EC0-301F-11D3-BF4B-00C04F79EFBC}") = "ConsoleApplication1", "ConsoleApplication1\ConsoleApplication1.csproj", "{08E65E7D-D4E9-45DB-A21E-C59B95DA772C}"
EndProject
Global
	GlobalSection(SolutionConfigurationPlatforms) = preSolution
		Debug|Any CPU = Debug|Any CPU
		Release|Any CPU = Release|Any CPU
	EndGlobalSection
	GlobalSection(ProjectConfigurationPlatforms) = postSolution
		{08E65E7D-D4E9-45DB-A21E-C59B95DA772C}.Debug|Any CPU.ActiveCfg = Debug|Any CPU
		{08E65E7D-D4E9-45DB-A21E-C59B95DA772C}.Debug|Any CPU.Build.0 = Debug|Any CPU
		{08E65E7D-D4E9-45DB-A21E-C59B95DA772C}.Release|Any CPU.ActiveCfg = Release|Any CPU
		{08E65E7D-D4E9-45DB-A21E-C59B95DA772C}.Release|Any CPU.Build.0 = Release|Any CPU
	EndGlobalSection
	GlobalSection(SolutionProperties) = preSolution
		HideSolutionNode = FALSE
	EndGlobalSection
EndGlobal
