
Microsoft Visual Studio Solution File, Format Version 12.00
# Visual Studio 2012
Project("{FAE04EC0-301F-11D3-BF4B-00C04F79EFBC}") = "helloworld", "helloworld\helloworld.csproj", "{93F4C7DB-62FC-4572-BBCB-7E6D7D713991}"
EndProject
Global
	GlobalSection(SolutionConfigurationPlatforms) = preSolution
		Debug|Any CPU = Debug|Any CPU
		Release|Any CPU = Release|Any CPU
	EndGlobalSection
	GlobalSection(ProjectConfigurationPlatforms) = postSolution
		{93F4C7DB-62FC-4572-BBCB-7E6D7D713991}.Debug|Any CPU.ActiveCfg = Debug|Any CPU
		{93F4C7DB-62FC-4572-BBCB-7E6D7D713991}.Debug|Any CPU.Build.0 = Debug|Any CPU
		{93F4C7DB-62FC-4572-BBCB-7E6D7D713991}.Release|Any CPU.ActiveCfg = Release|Any CPU
		{93F4C7DB-62FC-4572-BBCB-7E6D7D713991}.Release|Any CPU.Build.0 = Release|Any CPU
	EndGlobalSection
	GlobalSection(SolutionProperties) = preSolution
		HideSolutionNode = FALSE
	EndGlobalSection
EndGlobal
