
Microsoft Visual Studio Solution File, Format Version 12.00
# Visual Studio 2012
Project("{FAE04EC0-301F-11D3-BF4B-00C04F79EFBC}") = "Flappy Bird", "Flappy Bird\Flappy Bird.csproj", "{BAB578BB-30A6-413E-8A8A-74C7FAA52FC4}"
EndProject
Global
	GlobalSection(SolutionConfigurationPlatforms) = preSolution
		Debug|Any CPU = Debug|Any CPU
		Release|Any CPU = Release|Any CPU
	EndGlobalSection
	GlobalSection(ProjectConfigurationPlatforms) = postSolution
		{BAB578BB-30A6-413E-8A8A-74C7FAA52FC4}.Debug|Any CPU.ActiveCfg = Debug|Any CPU
		{BAB578BB-30A6-413E-8A8A-74C7FAA52FC4}.Debug|Any CPU.Build.0 = Debug|Any CPU
		{BAB578BB-30A6-413E-8A8A-74C7FAA52FC4}.Release|Any CPU.ActiveCfg = Release|Any CPU
		{BAB578BB-30A6-413E-8A8A-74C7FAA52FC4}.Release|Any CPU.Build.0 = Release|Any CPU
	EndGlobalSection
	GlobalSection(SolutionProperties) = preSolution
		HideSolutionNode = FALSE
	EndGlobalSection
EndGlobal
